{
    "name": "chat-bot",
    "version": "1.0.0",
    "lockfileVersion": 3,
    "requires": true,
    "packages": {
        "": {
            "name": "chat-bot",
            "version": "1.0.0",
            "license": "ISC",
            "dependencies": {
                "@mistralai/mistralai": "^1.7.5",
                "dotenv": "^16.0.0"
            },
            "engines": {
                "node": ">=14.0.0"
            }
        },
        "node_modules/@mistralai/mistralai": {
            "version": "1.7.5",
            "resolved": "https://registry.npmmirror.com/@mistralai/mistralai/-/mistralai-1.7.5.tgz",
            "integrity": "sha512-5YfNVSYm8r/zbYAVYfAEILGOvyFYMSgmgr5q8SYFhlxBWwvmxV/p/FNH5PihVZPbE4fNpa8aFo7JNX6jbWhWcg==",
            "dependencies": {
                "zod-to-json-schema": "^3.24.1"
            },
            "peerDependencies": {
                "zod": ">= 3"
            }
        },
        "node_modules/dotenv": {
            "version": "16.6.1",
            "resolved": "https://registry.npmmirror.com/dotenv/-/dotenv-16.6.1.tgz",
            "integrity": "sha512-uBq4egWHTcTt33a72vpSG0z3HnPuIl6NqYcTrKEg2azoEyl2hpW0zqlxysq2pK9HlDIHyHyakeYaYnSAwd8bow==",
            "license": "BSD-2-Clause",
            "engines": {
                "node": ">=12"
            },
            "funding": {
                "url": "https://dotenvx.com"
            }
        },
        "node_modules/zod": {
            "version": "3.25.76",
            "resolved": "https://registry.npmmirror.com/zod/-/zod-3.25.76.tgz",
            "integrity": "sha512-gzUt/qt81nXsFGKIFcC3YnfEAx5NkunCfnDlvuBSSFS02bcXu4Lmea0AFIUwbLWxWPx3d9p8S5QoaujKcNQxcQ==",
            "license": "MIT",
            "peer": true,
            "funding": {
                "url": "https://github.com/sponsors/colinhacks"
            }
        },
        "node_modules/zod-to-json-schema": {
            "version": "3.24.6",
            "resolved": "https://registry.npmmirror.com/zod-to-json-schema/-/zod-to-json-schema-3.24.6.tgz",
            "integrity": "sha512-h/z3PKvcTcTetyjl1fkj79MHNEjm+HpD6NXheWjzOekY7kV+lwDYnHw+ivHkijnCSMz1yJaWBD9vu/Fcmk+vEg==",
            "license": "ISC",
            "peerDependencies": {
                "zod": "^3.24.1"
            }
        }
    }
}
